
Microsoft Visual Studio Solution File, Format Version 12.00
# Visual Studio 14
VisualStudioVersion = 14.0.24720.0
MinimumVisualStudioVersion = 10.0.40219.1
Project("{F184B08F-C81C-45F6-A57F-5ABD9991F28F}") = "Spring Half-Term Excercises", "Spring Half-Term Excercises\Spring Half-Term Excercises.vbproj", "{252F04F5-F5E0-465B-87A7-6D0A9AFC4D48}"
EndProject
Global
	GlobalSection(SolutionConfigurationPlatforms) = preSolution
		Debug|Any CPU = Debug|Any CPU
		Release|Any CPU = Release|Any CPU
	EndGlobalSection
	GlobalSection(ProjectConfigurationPlatforms) = postSolution
		{252F04F5-F5E0-465B-87A7-6D0A9AFC4D48}.Debug|Any CPU.ActiveCfg = Debug|Any CPU
		{252F04F5-F5E0-465B-87A7-6D0A9AFC4D48}.Debug|Any CPU.Build.0 = Debug|Any CPU
		{252F04F5-F5E0-465B-87A7-6D0A9AFC4D48}.Release|Any CPU.ActiveCfg = Release|Any CPU
		{252F04F5-F5E0-465B-87A7-6D0A9AFC4D48}.Release|Any CPU.Build.0 = Release|Any CPU
	EndGlobalSection
	GlobalSection(SolutionProperties) = preSolution
		HideSolutionNode = FALSE
	EndGlobalSection
EndGlobal
